
Microsoft Visual Studio Solution File, Format Version 12.00
# Visual Studio Version 17
VisualStudioVersion = 17.4.33122.133
MinimumVisualStudioVersion = 10.0.40219.1
Project("{9A19103F-16F7-4668-BE54-9A1E7A4F7556}") = "DataLayer", "DataLayer\DataLayer.csproj", "{5A206ED2-254A-4E7D-ABCA-18E361B3A354}"
EndProject
Project("{9A19103F-16F7-4668-BE54-9A1E7A4F7556}") = "BusinnesLogicLayer", "BusinnesLogicLayer\BusinnesLogicLayer.csproj", "{D1035DEE-222E-4C88-AB69-33F2F9E7724D}"
EndProject
Project("{9A19103F-16F7-4668-BE54-9A1E7A4F7556}") = "ClientWPF", "ClientWPF\ClientWPF.csproj", "{A0269DE8-387F-4975-B09D-D6B7E8C4ED81}"
EndProject
Project("{FAE04EC0-301F-11D3-BF4B-00C04F79EFBC}") = "EmailLogicLayer", "EmailLogicLayer\EmailLogicLayer.csproj", "{F663B9BE-1AB8-48EE-81F9-DFAA93F19A1A}"
EndProject
Global
	GlobalSection(SolutionConfigurationPlatforms) = preSolution
		Debug|Any CPU = Debug|Any CPU
		Release|Any CPU = Release|Any CPU
	EndGlobalSection
	GlobalSection(ProjectConfigurationPlatforms) = postSolution
		{5A206ED2-254A-4E7D-ABCA-18E361B3A354}.Debug|Any CPU.ActiveCfg = Debug|Any CPU
		{5A206ED2-254A-4E7D-ABCA-18E361B3A354}.Debug|Any CPU.Build.0 = Debug|Any CPU
		{5A206ED2-254A-4E7D-ABCA-18E361B3A354}.Release|Any CPU.ActiveCfg = Release|Any CPU
		{5A206ED2-254A-4E7D-ABCA-18E361B3A354}.Release|Any CPU.Build.0 = Release|Any CPU
		{D1035DEE-222E-4C88-AB69-33F2F9E7724D}.Debug|Any CPU.ActiveCfg = Debug|Any CPU
		{D1035DEE-222E-4C88-AB69-33F2F9E7724D}.Debug|Any CPU.Build.0 = Debug|Any CPU
		{D1035DEE-222E-4C88-AB69-33F2F9E7724D}.Release|Any CPU.ActiveCfg = Release|Any CPU
		{D1035DEE-222E-4C88-AB69-33F2F9E7724D}.Release|Any CPU.Build.0 = Release|Any CPU
		{A0269DE8-387F-4975-B09D-D6B7E8C4ED81}.Debug|Any CPU.ActiveCfg = Debug|Any CPU
		{A0269DE8-387F-4975-B09D-D6B7E8C4ED81}.Debug|Any CPU.Build.0 = Debug|Any CPU
		{A0269DE8-387F-4975-B09D-D6B7E8C4ED81}.Release|Any CPU.ActiveCfg = Release|Any CPU
		{A0269DE8-387F-4975-B09D-D6B7E8C4ED81}.Release|Any CPU.Build.0 = Release|Any CPU
		{F663B9BE-1AB8-48EE-81F9-DFAA93F19A1A}.Debug|Any CPU.ActiveCfg = Debug|Any CPU
		{F663B9BE-1AB8-48EE-81F9-DFAA93F19A1A}.Debug|Any CPU.Build.0 = Debug|Any CPU
		{F663B9BE-1AB8-48EE-81F9-DFAA93F19A1A}.Release|Any CPU.ActiveCfg = Release|Any CPU
		{F663B9BE-1AB8-48EE-81F9-DFAA93F19A1A}.Release|Any CPU.Build.0 = Release|Any CPU
	EndGlobalSection
	GlobalSection(SolutionProperties) = preSolution
		HideSolutionNode = FALSE
	EndGlobalSection
	GlobalSection(ExtensibilityGlobals) = postSolution
		SolutionGuid = {B4F45370-C6D0-461F-A095-F4944D507064}
	EndGlobalSection
EndGlobal
